
Microsoft Visual Studio Solution File, Format Version 12.00
# Visual Studio Version 16
VisualStudioVersion = 16.0.29306.81
MinimumVisualStudioVersion = 10.0.40219.1
Project("{FAE04EC0-301F-11D3-BF4B-00C04F79EFBC}") = "MuseumObserver", "MuseumObserver\MuseumObserver.csproj", "{D6414E1E-B4CA-412E-87A2-1186036A0E9F}"
EndProject
Global
	GlobalSection(SolutionConfigurationPlatforms) = preSolution
		Debug|Any CPU = Debug|Any CPU
		Release|Any CPU = Release|Any CPU
	EndGlobalSection
	GlobalSection(ProjectConfigurationPlatforms) = postSolution
		{D6414E1E-B4CA-412E-87A2-1186036A0E9F}.Debug|Any CPU.ActiveCfg = Debug|Any CPU
		{D6414E1E-B4CA-412E-87A2-1186036A0E9F}.Debug|Any CPU.Build.0 = Debug|Any CPU
		{D6414E1E-B4CA-412E-87A2-1186036A0E9F}.Release|Any CPU.ActiveCfg = Release|Any CPU
		{D6414E1E-B4CA-412E-87A2-1186036A0E9F}.Release|Any CPU.Build.0 = Release|Any CPU
	EndGlobalSection
	GlobalSection(SolutionProperties) = preSolution
		HideSolutionNode = FALSE
	EndGlobalSection
	GlobalSection(ExtensibilityGlobals) = postSolution
		SolutionGuid = {9C76B661-9D21-4561-AA3A-A5B343D3FCF1}
	EndGlobalSection
EndGlobal
